
Microsoft Visual Studio Solution File, Format Version 12.00
# Visual Studio Version 17
VisualStudioVersion = 17.1.32328.378
MinimumVisualStudioVersion = 10.0.40219.1
Project("{FAE04EC0-301F-11D3-BF4B-00C04F79EFBC}") = "eCommence_Assignment", "eCommence_Assignment.csproj", "{4C434117-782A-4C36-BB34-82E878855746}"
EndProject
Global
	GlobalSection(SolutionConfigurationPlatforms) = preSolution
		Debug|Any CPU = Debug|Any CPU
		Release|Any CPU = Release|Any CPU
	EndGlobalSection
	GlobalSection(ProjectConfigurationPlatforms) = postSolution
		{4C434117-782A-4C36-BB34-82E878855746}.Debug|Any CPU.ActiveCfg = Debug|Any CPU
		{4C434117-782A-4C36-BB34-82E878855746}.Debug|Any CPU.Build.0 = Debug|Any CPU
		{4C434117-782A-4C36-BB34-82E878855746}.Release|Any CPU.ActiveCfg = Release|Any CPU
		{4C434117-782A-4C36-BB34-82E878855746}.Release|Any CPU.Build.0 = Release|Any CPU
	EndGlobalSection
	GlobalSection(SolutionProperties) = preSolution
		HideSolutionNode = FALSE
	EndGlobalSection
	GlobalSection(ExtensibilityGlobals) = postSolution
		SolutionGuid = {14C31A63-F7F2-47D0-9C77-D213748484AD}
	EndGlobalSection
EndGlobal
